{
  "originHash" : "fc0847e70eaf6bc49f47eb12f97767e008f287544fa03595fc59fdbef59f1d6c",
  "pins" : [
    {
      "identity" : "game-catalogue-common-package",
      "kind" : "remoteSourceControl",
      "location" : "https://github.com/adedwi1808/game-catalogue-Common-package.git",
      "state" : {
        "revision" : "dbbdfde93561e9ba12d2151017aafde76759da16",
        "version" : "1.0.2"
      }
    },
    {
      "identity" : "realm-core",
      "kind" : "remoteSourceControl",
      "location" : "https://github.com/realm/realm-core.git",
      "state" : {
        "revision" : "cccb3ca9e26ec452a29f2f0d4050d1e38b8a3d43",
        "version" : "14.14.0"
      }
    },
    {
      "identity" : "realm-swift",
      "kind" : "remoteSourceControl",
      "location" : "https://github.com/realm/realm-swift.git",
      "state" : {
        "revision" : "1c105d34f25af7851c5a3ff146be006de247a6b4",
        "version" : "10.54.6"
      }
    }
  ],
  "version" : 3
}
